
Microsoft Visual Studio Solution File, Format Version 12.00
# Visual Studio Version 17
VisualStudioVersion = 17.3.32901.215
MinimumVisualStudioVersion = 10.0.40219.1
Project("{FAE04EC0-301F-11D3-BF4B-00C04F79EFBC}") = "TaskFigure", "TaskFigure\TaskFigure.csproj", "{3F322086-8D8B-4C6D-98F7-666894EDEF50}"
EndProject
Project("{FAE04EC0-301F-11D3-BF4B-00C04F79EFBC}") = "FigureLib", "FigureLib\FigureLib.csproj", "{47A5FCFD-720B-416F-970B-C65E4CB77BED}"
EndProject
Project("{FAE04EC0-301F-11D3-BF4B-00C04F79EFBC}") = "TestProject", "TestProject\TestProject.csproj", "{31A44B46-5686-4DBF-8C8A-0B124DA42A2F}"
EndProject
Global
	GlobalSection(SolutionConfigurationPlatforms) = preSolution
		Debug|Any CPU = Debug|Any CPU
		Release|Any CPU = Release|Any CPU
	EndGlobalSection
	GlobalSection(ProjectConfigurationPlatforms) = postSolution
		{3F322086-8D8B-4C6D-98F7-666894EDEF50}.Debug|Any CPU.ActiveCfg = Debug|Any CPU
		{3F322086-8D8B-4C6D-98F7-666894EDEF50}.Debug|Any CPU.Build.0 = Debug|Any CPU
		{3F322086-8D8B-4C6D-98F7-666894EDEF50}.Release|Any CPU.ActiveCfg = Release|Any CPU
		{3F322086-8D8B-4C6D-98F7-666894EDEF50}.Release|Any CPU.Build.0 = Release|Any CPU
		{47A5FCFD-720B-416F-970B-C65E4CB77BED}.Debug|Any CPU.ActiveCfg = Debug|Any CPU
		{47A5FCFD-720B-416F-970B-C65E4CB77BED}.Debug|Any CPU.Build.0 = Debug|Any CPU
		{47A5FCFD-720B-416F-970B-C65E4CB77BED}.Release|Any CPU.ActiveCfg = Release|Any CPU
		{47A5FCFD-720B-416F-970B-C65E4CB77BED}.Release|Any CPU.Build.0 = Release|Any CPU
		{31A44B46-5686-4DBF-8C8A-0B124DA42A2F}.Debug|Any CPU.ActiveCfg = Debug|Any CPU
		{31A44B46-5686-4DBF-8C8A-0B124DA42A2F}.Debug|Any CPU.Build.0 = Debug|Any CPU
		{31A44B46-5686-4DBF-8C8A-0B124DA42A2F}.Release|Any CPU.ActiveCfg = Release|Any CPU
		{31A44B46-5686-4DBF-8C8A-0B124DA42A2F}.Release|Any CPU.Build.0 = Release|Any CPU
	EndGlobalSection
	GlobalSection(SolutionProperties) = preSolution
		HideSolutionNode = FALSE
	EndGlobalSection
	GlobalSection(ExtensibilityGlobals) = postSolution
		SolutionGuid = {CD4B7866-0F08-48AB-B873-6C1FA98524E9}
	EndGlobalSection
EndGlobal
